// !$*UTF8*$!
{
	archiveVersion = 1;
	classes = {
	};
	objectVersion = 46;
	objects = {

/* Begin PBXBuildFile section */
		F53CE14F179F3BED00835E3E /* AboutWindow.xib in Resources */ = {isa = PBXBuildFile; fileRef = F53CE140179F3BEC00835E3E /* AboutWindow.xib */; };
		F53CE150179F3BED00835E3E /* BootstrapSheet.xib in Resources */ = {isa = PBXBuildFile; fileRef = F53CE141179F3BED00835E3E /* BootstrapSheet.xib */; };
		F53CE151179F3BED00835E3E /* General.xib in Resources */ = {isa = PBXBuildFile; fileRef = F53CE142179F3BED00835E3E /* General.xib */; };
		F53CE152179F3BED00835E3E /* Interface.xib in Resources */ = {isa = PBXBuildFile; fileRef = F53CE143179F3BED00835E3E /* Interface.xib */; };
		F53CE153179F3BED00835E3E /* MainMenu.xib in Resources */ = {isa = PBXBuildFile; fileRef = F53CE144179F3BED00835E3E /* MainMenu.xib */; };
		F53CE154179F3BED00835E3E /* Network.xib in Resources */ = {isa = PBXBuildFile; fileRef = F53CE145179F3BED00835E3E /* Network.xib */; };
		F53CE155179F3BED00835E3E /* Preferences.xib in Resources */ = {isa = PBXBuildFile; fileRef = F53CE146179F3BED00835E3E /* Preferences.xib */; };
		F53CE156179F3BED00835E3E /* AddFriend.xib in Resources */ = {isa = PBXBuildFile; fileRef = F53CE147179F3BED00835E3E /* AddFriend.xib */; };
		F53CE157179F3BED00835E3E /* Conversation.xib in Resources */ = {isa = PBXBuildFile; fileRef = F53CE148179F3BED00835E3E /* Conversation.xib */; };
		F53CE158179F3BED00835E3E /* FriendCell.xib in Resources */ = {isa = PBXBuildFile; fileRef = F53CE149179F3BED00835E3E /* FriendCell.xib */; };
		F53CE159179F3BED00835E3E /* RequestsList.xib in Resources */ = {isa = PBXBuildFile; fileRef = F53CE14A179F3BED00835E3E /* RequestsList.xib */; };
		F53CE15B179F3BED00835E3E /* MainWindow.xib in Resources */ = {isa = PBXBuildFile; fileRef = F53CE14C179F3BED00835E3E /* MainWindow.xib */; };
		F53CE15C179F3BED00835E3E /* RequestCell.xib in Resources */ = {isa = PBXBuildFile; fileRef = F53CE14D179F3BED00835E3E /* RequestCell.xib */; };
		F53CE15D179F3BED00835E3E /* LoginWindow.xib in Resources */ = {isa = PBXBuildFile; fileRef = F53CE14E179F3BED00835E3E /* LoginWindow.xib */; };
		F53CE1B8179F3CF500835E3E /* SCAppDelegate.m in Sources */ = {isa = PBXBuildFile; fileRef = F53CE166179F3CF400835E3E /* SCAppDelegate.m */; };
		F53CE1B9179F3CF500835E3E /* SCAboutWindowController.m in Sources */ = {isa = PBXBuildFile; fileRef = F53CE169179F3CF400835E3E /* SCAboutWindowController.m */; };
		F53CE1BB179F3CF500835E3E /* SCChromeBGView.m in Sources */ = {isa = PBXBuildFile; fileRef = F53CE16F179F3CF400835E3E /* SCChromeBGView.m */; };
		F53CE1BC179F3CF500835E3E /* SCDarkChromeBGView.m in Sources */ = {isa = PBXBuildFile; fileRef = F53CE171179F3CF400835E3E /* SCDarkChromeBGView.m */; };
		F53CE1BE179F3CF500835E3E /* SCPublicKeyFormatter.m in Sources */ = {isa = PBXBuildFile; fileRef = F53CE175179F3CF400835E3E /* SCPublicKeyFormatter.m */; };
		F53CE1BF179F3CF500835E3E /* SCWhiteChromeBGView.m in Sources */ = {isa = PBXBuildFile; fileRef = F53CE177179F3CF400835E3E /* SCWhiteChromeBGView.m */; };
		F53CE1C0179F3CF500835E3E /* SCConversationViewController.m in Sources */ = {isa = PBXBuildFile; fileRef = F53CE17A179F3CF400835E3E /* SCConversationViewController.m */; };
		F53CE1C1179F3CF500835E3E /* SCConversationWindowController.m in Sources */ = {isa = PBXBuildFile; fileRef = F53CE17D179F3CF400835E3E /* SCConversationWindowController.m */; };
		F53CE1C4179F3CF500835E3E /* SCFriendRequestListingController.m in Sources */ = {isa = PBXBuildFile; fileRef = F53CE184179F3CF400835E3E /* SCFriendRequestListingController.m */; };
		F53CE1C5179F3CF500835E3E /* SCRequestCellView.m in Sources */ = {isa = PBXBuildFile; fileRef = F53CE186179F3CF400835E3E /* SCRequestCellView.m */; };
		F53CE1C6179F3CF500835E3E /* SCFlatButton.m in Sources */ = {isa = PBXBuildFile; fileRef = F53CE189179F3CF400835E3E /* SCFlatButton.m */; };
		F53CE1C7179F3CF500835E3E /* SCWBackgroundView.m in Sources */ = {isa = PBXBuildFile; fileRef = F53CE18B179F3CF400835E3E /* SCWBackgroundView.m */; };
		F53CE1C8179F3CF500835E3E /* SCWelcomeWindowController.m in Sources */ = {isa = PBXBuildFile; fileRef = F53CE18D179F3CF500835E3E /* SCWelcomeWindowController.m */; };
		F53CE1C9179F3CF500835E3E /* main.m in Sources */ = {isa = PBXBuildFile; fileRef = F53CE18E179F3CF500835E3E /* main.m */; };
		F53CE1CA179F3CF500835E3E /* SCAddFriendSheetController.m in Sources */ = {isa = PBXBuildFile; fileRef = F53CE191179F3CF500835E3E /* SCAddFriendSheetController.m */; };
		F53CE1CB179F3CF500835E3E /* SCBootstrapSheetController.m in Sources */ = {isa = PBXBuildFile; fileRef = F53CE193179F3CF500835E3E /* SCBootstrapSheetController.m */; };
		F53CE1CC179F3CF500835E3E /* SCChatBaseBackgroundView.m in Sources */ = {isa = PBXBuildFile; fileRef = F53CE195179F3CF500835E3E /* SCChatBaseBackgroundView.m */; };
		F53CE1CD179F3CF500835E3E /* SCChatStatusView.m in Sources */ = {isa = PBXBuildFile; fileRef = F53CE197179F3CF500835E3E /* SCChatStatusView.m */; };
		F53CE1CE179F3CF500835E3E /* SCFriendCellView.m in Sources */ = {isa = PBXBuildFile; fileRef = F53CE199179F3CF500835E3E /* SCFriendCellView.m */; };
		F53CE1CF179F3CF500835E3E /* SCMainChatWindowController.m in Sources */ = {isa = PBXBuildFile; fileRef = F53CE19B179F3CF500835E3E /* SCMainChatWindowController.m */; };
		F53CE1D8179F3CF500835E3E /* SCChatContext.m in Sources */ = {isa = PBXBuildFile; fileRef = F53CE1A6179F3CF500835E3E /* SCChatContext.m */; };
		F53CE1D9179F3CF500835E3E /* SCFriendListManager.m in Sources */ = {isa = PBXBuildFile; fileRef = F53CE1A8179F3CF500835E3E /* SCFriendListManager.m */; };
		F53CE1DA179F3CF500835E3E /* SCTOXFriend.m in Sources */ = {isa = PBXBuildFile; fileRef = F53CE1AA179F3CF500835E3E /* SCTOXFriend.m */; };
		F53CE1DB179F3CF500835E3E /* SCTOXNetworkConnection.m in Sources */ = {isa = PBXBuildFile; fileRef = F53CE1AC179F3CF500835E3E /* SCTOXNetworkConnection.m */; };
		F53CE1DC179F3CF500835E3E /* SCGeneralPrefPaneController.m in Sources */ = {isa = PBXBuildFile; fileRef = F53CE1B0179F3CF500835E3E /* SCGeneralPrefPaneController.m */; };
		F53CE1DD179F3CF500835E3E /* SCInterfacePrefPaneController.m in Sources */ = {isa = PBXBuildFile; fileRef = F53CE1B2179F3CF500835E3E /* SCInterfacePrefPaneController.m */; };
		F53CE1DE179F3CF500835E3E /* SCNetworkPrefPaneController.m in Sources */ = {isa = PBXBuildFile; fileRef = F53CE1B4179F3CF500835E3E /* SCNetworkPrefPaneController.m */; };
		F53CE1DF179F3CF500835E3E /* SCPreferencesWindowController.m in Sources */ = {isa = PBXBuildFile; fileRef = F53CE1B6179F3CF500835E3E /* SCPreferencesWindowController.m */; };
		F53CE1E5179F3D5E00835E3E /* InfoPlist.strings in Resources */ = {isa = PBXBuildFile; fileRef = F53CE1E1179F3D5E00835E3E /* InfoPlist.strings */; };
		F53CE1E6179F3D5E00835E3E /* Localizable.strings in Resources */ = {isa = PBXBuildFile; fileRef = F53CE1E3179F3D5E00835E3E /* Localizable.strings */; };
		F53CE1E8179F3DEB00835E3E /* Poison.iconset in Resources */ = {isa = PBXBuildFile; fileRef = F53CE1E7179F3DEB00835E3E /* Poison.iconset */; };
		F53CE221179F3E5E00835E3E /* DHT.c in Sources */ = {isa = PBXBuildFile; fileRef = F53CE1F2179F3E5E00835E3E /* DHT.c */; };
		F53CE222179F3E5F00835E3E /* Lossless_UDP.c in Sources */ = {isa = PBXBuildFile; fileRef = F53CE1F4179F3E5E00835E3E /* Lossless_UDP.c */; };
		F53CE223179F3E5F00835E3E /* Messenger.c in Sources */ = {isa = PBXBuildFile; fileRef = F53CE1F6179F3E5E00835E3E /* Messenger.c */; };
		F53CE224179F3E5F00835E3E /* friend_requests.c in Sources */ = {isa = PBXBuildFile; fileRef = F53CE1F8179F3E5E00835E3E /* friend_requests.c */; };
		F53CE225179F3E5F00835E3E /* net_crypto.c in Sources */ = {isa = PBXBuildFile; fileRef = F53CE1FA179F3E5E00835E3E /* net_crypto.c */; };
		F53CE226179F3E5F00835E3E /* network.c in Sources */ = {isa = PBXBuildFile; fileRef = F53CE1FC179F3E5E00835E3E /* network.c */; };
		F53CE29C179F408700835E3E /* about_header.png in Resources */ = {isa = PBXBuildFile; fileRef = F53CE291179F408700835E3E /* about_header.png */; };
		F53CE29D179F408700835E3E /* icon-frequests.png in Resources */ = {isa = PBXBuildFile; fileRef = F53CE292179F408700835E3E /* icon-frequests.png */; };
		F53CE29E179F408700835E3E /* icon_info.png in Resources */ = {isa = PBXBuildFile; fileRef = F53CE293179F408700835E3E /* icon_info.png */; };
		F53CE29F179F408700835E3E /* icon_minus.png in Resources */ = {isa = PBXBuildFile; fileRef = F53CE294179F408700835E3E /* icon_minus.png */; };
		F53CE2A0179F408700835E3E /* icon_plus.png in Resources */ = {isa = PBXBuildFile; fileRef = F53CE295179F408700835E3E /* icon_plus.png */; };
		F53CE2A1179F408700835E3E /* icon_smiley.png in Resources */ = {isa = PBXBuildFile; fileRef = F53CE296179F408700835E3E /* icon_smiley.png */; };
		F53CE2A2179F408700835E3E /* login_bg.png in Resources */ = {isa = PBXBuildFile; fileRef = F53CE297179F408700835E3E /* login_bg.png */; };
		F53CE2A3179F408700835E3E /* shiina.icns in Resources */ = {isa = PBXBuildFile; fileRef = F53CE298179F408700835E3E /* shiina.icns */; };
		F53CE2A4179F408700835E3E /* status-light-away.png in Resources */ = {isa = PBXBuildFile; fileRef = F53CE299179F408700835E3E /* status-light-away.png */; };
		F53CE2A5179F408700835E3E /* status-light-offline.png in Resources */ = {isa = PBXBuildFile; fileRef = F53CE29A179F408700835E3E /* status-light-offline.png */; };
		F53CE2A6179F408700835E3E /* status-light-online.png in Resources */ = {isa = PBXBuildFile; fileRef = F53CE29B179F408700835E3E /* status-light-online.png */; };
		F53CE2A9179F409200835E3E /* TranscriptViewBase.html in Resources */ = {isa = PBXBuildFile; fileRef = F53CE2A7179F409200835E3E /* TranscriptViewBase.html */; };
		F53CE2AA179F409200835E3E /* TranscriptViewBaseAlternate.html in Resources */ = {isa = PBXBuildFile; fileRef = F53CE2A8179F409200835E3E /* TranscriptViewBaseAlternate.html */; };
		F54268331790E16C0081673D /* Cocoa.framework in Frameworks */ = {isa = PBXBuildFile; fileRef = F54268321790E16C0081673D /* Cocoa.framework */; };
		F54C6DB717923B1700880937 /* PXListDocumentView.m in Sources */ = {isa = PBXBuildFile; fileRef = F54C6DAC17923B1600880937 /* PXListDocumentView.m */; settings = {COMPILER_FLAGS = "-fno-objc-arc"; }; };
		F54C6DB817923B1700880937 /* PXListView.m in Sources */ = {isa = PBXBuildFile; fileRef = F54C6DAE17923B1700880937 /* PXListView.m */; settings = {COMPILER_FLAGS = "-fno-objc-arc"; }; };
		F54C6DB917923B1700880937 /* PXListView+UserInteraction.m in Sources */ = {isa = PBXBuildFile; fileRef = F54C6DB117923B1700880937 /* PXListView+UserInteraction.m */; settings = {COMPILER_FLAGS = "-fno-objc-arc"; }; };
		F54C6DBA17923B1700880937 /* PXListViewCell.m in Sources */ = {isa = PBXBuildFile; fileRef = F54C6DB317923B1700880937 /* PXListViewCell.m */; settings = {COMPILER_FLAGS = "-fno-objc-arc"; }; };
		F595D6C4179307B100A6C4D2 /* WebKit.framework in Frameworks */ = {isa = PBXBuildFile; fileRef = F595D6C3179307B100A6C4D2 /* WebKit.framework */; };
		F595D6E417934CBF00A6C4D2 /* QuartzCore.framework in Frameworks */ = {isa = PBXBuildFile; fileRef = F595D6E317934CBF00A6C4D2 /* QuartzCore.framework */; };
/* End PBXBuildFile section */

/* Begin PBXFileReference section */
		F53CE140179F3BEC00835E3E /* AboutWindow.xib */ = {isa = PBXFileReference; fileEncoding = 4; lastKnownFileType = file.xib; path = AboutWindow.xib; sourceTree = "<group>"; };
		F53CE141179F3BED00835E3E /* BootstrapSheet.xib */ = {isa = PBXFileReference; fileEncoding = 4; lastKnownFileType = file.xib; path = BootstrapSheet.xib; sourceTree = "<group>"; };
		F53CE142179F3BED00835E3E /* General.xib */ = {isa = PBXFileReference; fileEncoding = 4; lastKnownFileType = file.xib; path = General.xib; sourceTree = "<group>"; };
		F53CE143179F3BED00835E3E /* Interface.xib */ = {isa = PBXFileReference; fileEncoding = 4; lastKnownFileType = file.xib; path = Interface.xib; sourceTree = "<group>"; };
		F53CE144179F3BED00835E3E /* MainMenu.xib */ = {isa = PBXFileReference; fileEncoding = 4; lastKnownFileType = file.xib; path = MainMenu.xib; sourceTree = "<group>"; };
		F53CE145179F3BED00835E3E /* Network.xib */ = {isa = PBXFileReference; fileEncoding = 4; lastKnownFileType = file.xib; path = Network.xib; sourceTree = "<group>"; };
		F53CE146179F3BED00835E3E /* Preferences.xib */ = {isa = PBXFileReference; fileEncoding = 4; lastKnownFileType = file.xib; path = Preferences.xib; sourceTree = "<group>"; };
		F53CE147179F3BED00835E3E /* AddFriend.xib */ = {isa = PBXFileReference; fileEncoding = 4; lastKnownFileType = file.xib; path = AddFriend.xib; sourceTree = "<group>"; };
		F53CE148179F3BED00835E3E /* Conversation.xib */ = {isa = PBXFileReference; fileEncoding = 4; lastKnownFileType = file.xib; path = Conversation.xib; sourceTree = "<group>"; };
		F53CE149179F3BED00835E3E /* FriendCell.xib */ = {isa = PBXFileReference; fileEncoding = 4; lastKnownFileType = file.xib; path = FriendCell.xib; sourceTree = "<group>"; };
		F53CE14A179F3BED00835E3E /* RequestsList.xib */ = {isa = PBXFileReference; fileEncoding = 4; lastKnownFileType = file.xib; path = RequestsList.xib; sourceTree = "<group>"; };
		F53CE14C179F3BED00835E3E /* MainWindow.xib */ = {isa = PBXFileReference; fileEncoding = 4; lastKnownFileType = file.xib; path = MainWindow.xib; sourceTree = "<group>"; };
		F53CE14D179F3BED00835E3E /* RequestCell.xib */ = {isa = PBXFileReference; fileEncoding = 4; lastKnownFileType = file.xib; path = RequestCell.xib; sourceTree = "<group>"; };
		F53CE14E179F3BED00835E3E /* LoginWindow.xib */ = {isa = PBXFileReference; fileEncoding = 4; lastKnownFileType = file.xib; path = LoginWindow.xib; sourceTree = "<group>"; };
		F53CE163179F3CF400835E3E /* Poison-Info.plist */ = {isa = PBXFileReference; fileEncoding = 4; lastKnownFileType = text.plist; name = "Poison-Info.plist"; path = "code/Poison-Info.plist"; sourceTree = "<group>"; };
		F53CE164179F3CF400835E3E /* Poison-Prefix.pch */ = {isa = PBXFileReference; fileEncoding = 4; lastKnownFileType = sourcecode.c.h; path = "Poison-Prefix.pch"; sourceTree = "<group>"; };
		F53CE165179F3CF400835E3E /* SCAppDelegate.h */ = {isa = PBXFileReference; fileEncoding = 4; lastKnownFileType = sourcecode.c.h; path = SCAppDelegate.h; sourceTree = "<group>"; };
		F53CE166179F3CF400835E3E /* SCAppDelegate.m */ = {isa = PBXFileReference; fileEncoding = 4; lastKnownFileType = sourcecode.c.objc; path = SCAppDelegate.m; sourceTree = "<group>"; };
		F53CE168179F3CF400835E3E /* SCAboutWindowController.h */ = {isa = PBXFileReference; fileEncoding = 4; lastKnownFileType = sourcecode.c.h; path = SCAboutWindowController.h; sourceTree = "<group>"; };
		F53CE169179F3CF400835E3E /* SCAboutWindowController.m */ = {isa = PBXFileReference; fileEncoding = 4; lastKnownFileType = sourcecode.c.objc; path = SCAboutWindowController.m; sourceTree = "<group>"; };
		F53CE16E179F3CF400835E3E /* SCChromeBGView.h */ = {isa = PBXFileReference; fileEncoding = 4; lastKnownFileType = sourcecode.c.h; path = SCChromeBGView.h; sourceTree = "<group>"; };
		F53CE16F179F3CF400835E3E /* SCChromeBGView.m */ = {isa = PBXFileReference; fileEncoding = 4; lastKnownFileType = sourcecode.c.objc; path = SCChromeBGView.m; sourceTree = "<group>"; };
		F53CE170179F3CF400835E3E /* SCDarkChromeBGView.h */ = {isa = PBXFileReference; fileEncoding = 4; lastKnownFileType = sourcecode.c.h; path = SCDarkChromeBGView.h; sourceTree = "<group>"; };
		F53CE171179F3CF400835E3E /* SCDarkChromeBGView.m */ = {isa = PBXFileReference; fileEncoding = 4; lastKnownFileType = sourcecode.c.objc; path = SCDarkChromeBGView.m; sourceTree = "<group>"; };
		F53CE174179F3CF400835E3E /* SCPublicKeyFormatter.h */ = {isa = PBXFileReference; fileEncoding = 4; lastKnownFileType = sourcecode.c.h; path = SCPublicKeyFormatter.h; sourceTree = "<group>"; };
		F53CE175179F3CF400835E3E /* SCPublicKeyFormatter.m */ = {isa = PBXFileReference; fileEncoding = 4; lastKnownFileType = sourcecode.c.objc; path = SCPublicKeyFormatter.m; sourceTree = "<group>"; };
		F53CE176179F3CF400835E3E /* SCWhiteChromeBGView.h */ = {isa = PBXFileReference; fileEncoding = 4; lastKnownFileType = sourcecode.c.h; path = SCWhiteChromeBGView.h; sourceTree = "<group>"; };
		F53CE177179F3CF400835E3E /* SCWhiteChromeBGView.m */ = {isa = PBXFileReference; fileEncoding = 4; lastKnownFileType = sourcecode.c.objc; path = SCWhiteChromeBGView.m; sourceTree = "<group>"; };
		F53CE179179F3CF400835E3E /* SCConversationViewController.h */ = {isa = PBXFileReference; fileEncoding = 4; lastKnownFileType = sourcecode.c.h; path = SCConversationViewController.h; sourceTree = "<group>"; };
		F53CE17A179F3CF400835E3E /* SCConversationViewController.m */ = {isa = PBXFileReference; fileEncoding = 4; lastKnownFileType = sourcecode.c.objc; path = SCConversationViewController.m; sourceTree = "<group>"; };
		F53CE17C179F3CF400835E3E /* SCConversationWindowController.h */ = {isa = PBXFileReference; fileEncoding = 4; lastKnownFileType = sourcecode.c.h; path = SCConversationWindowController.h; sourceTree = "<group>"; };
		F53CE17D179F3CF400835E3E /* SCConversationWindowController.m */ = {isa = PBXFileReference; fileEncoding = 4; lastKnownFileType = sourcecode.c.objc; path = SCConversationWindowController.m; sourceTree = "<group>"; };
		F53CE183179F3CF400835E3E /* SCFriendRequestListingController.h */ = {isa = PBXFileReference; fileEncoding = 4; lastKnownFileType = sourcecode.c.h; path = SCFriendRequestListingController.h; sourceTree = "<group>"; };
		F53CE184179F3CF400835E3E /* SCFriendRequestListingController.m */ = {isa = PBXFileReference; fileEncoding = 4; lastKnownFileType = sourcecode.c.objc; path = SCFriendRequestListingController.m; sourceTree = "<group>"; };
		F53CE185179F3CF400835E3E /* SCRequestCellView.h */ = {isa = PBXFileReference; fileEncoding = 4; lastKnownFileType = sourcecode.c.h; path = SCRequestCellView.h; sourceTree = "<group>"; };
		F53CE186179F3CF400835E3E /* SCRequestCellView.m */ = {isa = PBXFileReference; fileEncoding = 4; lastKnownFileType = sourcecode.c.objc; path = SCRequestCellView.m; sourceTree = "<group>"; };
		F53CE188179F3CF400835E3E /* SCFlatButton.h */ = {isa = PBXFileReference; fileEncoding = 4; lastKnownFileType = sourcecode.c.h; path = SCFlatButton.h; sourceTree = "<group>"; };
		F53CE189179F3CF400835E3E /* SCFlatButton.m */ = {isa = PBXFileReference; fileEncoding = 4; lastKnownFileType = sourcecode.c.objc; path = SCFlatButton.m; sourceTree = "<group>"; };
		F53CE18A179F3CF400835E3E /* SCWBackgroundView.h */ = {isa = PBXFileReference; fileEncoding = 4; lastKnownFileType = sourcecode.c.h; path = SCWBackgroundView.h; sourceTree = "<group>"; };
		F53CE18B179F3CF400835E3E /* SCWBackgroundView.m */ = {isa = PBXFileReference; fileEncoding = 4; lastKnownFileType = sourcecode.c.objc; path = SCWBackgroundView.m; sourceTree = "<group>"; };
		F53CE18C179F3CF500835E3E /* SCWelcomeWindowController.h */ = {isa = PBXFileReference; fileEncoding = 4; lastKnownFileType = sourcecode.c.h; path = SCWelcomeWindowController.h; sourceTree = "<group>"; };
		F53CE18D179F3CF500835E3E /* SCWelcomeWindowController.m */ = {isa = PBXFileReference; fileEncoding = 4; lastKnownFileType = sourcecode.c.objc; path = SCWelcomeWindowController.m; sourceTree = "<group>"; };
		F53CE18E179F3CF500835E3E /* main.m */ = {isa = PBXFileReference; fileEncoding = 4; lastKnownFileType = sourcecode.c.objc; path = main.m; sourceTree = "<group>"; };
		F53CE190179F3CF500835E3E /* SCAddFriendSheetController.h */ = {isa = PBXFileReference; fileEncoding = 4; lastKnownFileType = sourcecode.c.h; name = SCAddFriendSheetController.h; path = ../main_window/SCAddFriendSheetController.h; sourceTree = "<group>"; };
		F53CE191179F3CF500835E3E /* SCAddFriendSheetController.m */ = {isa = PBXFileReference; fileEncoding = 4; lastKnownFileType = sourcecode.c.objc; name = SCAddFriendSheetController.m; path = ../main_window/SCAddFriendSheetController.m; sourceTree = "<group>"; };
		F53CE192179F3CF500835E3E /* SCBootstrapSheetController.h */ = {isa = PBXFileReference; fileEncoding = 4; lastKnownFileType = sourcecode.c.h; path = SCBootstrapSheetController.h; sourceTree = "<group>"; };
		F53CE193179F3CF500835E3E /* SCBootstrapSheetController.m */ = {isa = PBXFileReference; fileEncoding = 4; lastKnownFileType = sourcecode.c.objc; path = SCBootstrapSheetController.m; sourceTree = "<group>"; };
		F53CE194179F3CF500835E3E /* SCChatBaseBackgroundView.h */ = {isa = PBXFileReference; fileEncoding = 4; lastKnownFileType = sourcecode.c.h; name = SCChatBaseBackgroundView.h; path = ../main_window/SCChatBaseBackgroundView.h; sourceTree = "<group>"; };
		F53CE195179F3CF500835E3E /* SCChatBaseBackgroundView.m */ = {isa = PBXFileReference; fileEncoding = 4; lastKnownFileType = sourcecode.c.objc; name = SCChatBaseBackgroundView.m; path = ../main_window/SCChatBaseBackgroundView.m; sourceTree = "<group>"; };
		F53CE196179F3CF500835E3E /* SCChatStatusView.h */ = {isa = PBXFileReference; fileEncoding = 4; lastKnownFileType = sourcecode.c.h; name = SCChatStatusView.h; path = ../main_window/SCChatStatusView.h; sourceTree = "<group>"; };
		F53CE197179F3CF500835E3E /* SCChatStatusView.m */ = {isa = PBXFileReference; fileEncoding = 4; lastKnownFileType = sourcecode.c.objc; name = SCChatStatusView.m; path = ../main_window/SCChatStatusView.m; sourceTree = "<group>"; };
		F53CE198179F3CF500835E3E /* SCFriendCellView.h */ = {isa = PBXFileReference; fileEncoding = 4; lastKnownFileType = sourcecode.c.h; path = SCFriendCellView.h; sourceTree = "<group>"; };
		F53CE199179F3CF500835E3E /* SCFriendCellView.m */ = {isa = PBXFileReference; fileEncoding = 4; lastKnownFileType = sourcecode.c.objc; path = SCFriendCellView.m; sourceTree = "<group>"; };
		F53CE19A179F3CF500835E3E /* SCMainChatWindowController.h */ = {isa = PBXFileReference; fileEncoding = 4; lastKnownFileType = sourcecode.c.h; path = SCMainChatWindowController.h; sourceTree = "<group>"; };
		F53CE19B179F3CF500835E3E /* SCMainChatWindowController.m */ = {isa = PBXFileReference; fileEncoding = 4; lastKnownFileType = sourcecode.c.objc; path = SCMainChatWindowController.m; sourceTree = "<group>"; };
		F53CE1A5179F3CF500835E3E /* SCChatContext.h */ = {isa = PBXFileReference; fileEncoding = 4; lastKnownFileType = sourcecode.c.h; path = SCChatContext.h; sourceTree = "<group>"; };
		F53CE1A6179F3CF500835E3E /* SCChatContext.m */ = {isa = PBXFileReference; fileEncoding = 4; lastKnownFileType = sourcecode.c.objc; path = SCChatContext.m; sourceTree = "<group>"; };
		F53CE1A7179F3CF500835E3E /* SCFriendListManager.h */ = {isa = PBXFileReference; fileEncoding = 4; lastKnownFileType = sourcecode.c.h; path = SCFriendListManager.h; sourceTree = "<group>"; };
		F53CE1A8179F3CF500835E3E /* SCFriendListManager.m */ = {isa = PBXFileReference; fileEncoding = 4; lastKnownFileType = sourcecode.c.objc; path = SCFriendListManager.m; sourceTree = "<group>"; };
		F53CE1A9179F3CF500835E3E /* SCTOXFriend.h */ = {isa = PBXFileReference; fileEncoding = 4; lastKnownFileType = sourcecode.c.h; path = SCTOXFriend.h; sourceTree = "<group>"; };
		F53CE1AA179F3CF500835E3E /* SCTOXFriend.m */ = {isa = PBXFileReference; fileEncoding = 4; lastKnownFileType = sourcecode.c.objc; path = SCTOXFriend.m; sourceTree = "<group>"; };
		F53CE1AB179F3CF500835E3E /* SCTOXNetworkConnection.h */ = {isa = PBXFileReference; fileEncoding = 4; lastKnownFileType = sourcecode.c.h; path = SCTOXNetworkConnection.h; sourceTree = "<group>"; };
		F53CE1AC179F3CF500835E3E /* SCTOXNetworkConnection.m */ = {isa = PBXFileReference; fileEncoding = 4; lastKnownFileType = sourcecode.c.objc; path = SCTOXNetworkConnection.m; sourceTree = "<group>"; };
		F53CE1AF179F3CF500835E3E /* SCGeneralPrefPaneController.h */ = {isa = PBXFileReference; fileEncoding = 4; lastKnownFileType = sourcecode.c.h; name = SCGeneralPrefPaneController.h; path = ../preferences_window/SCGeneralPrefPaneController.h; sourceTree = "<group>"; };
		F53CE1B0179F3CF500835E3E /* SCGeneralPrefPaneController.m */ = {isa = PBXFileReference; fileEncoding = 4; lastKnownFileType = sourcecode.c.objc; name = SCGeneralPrefPaneController.m; path = ../preferences_window/SCGeneralPrefPaneController.m; sourceTree = "<group>"; };
		F53CE1B1179F3CF500835E3E /* SCInterfacePrefPaneController.h */ = {isa = PBXFileReference; fileEncoding = 4; lastKnownFileType = sourcecode.c.h; name = SCInterfacePrefPaneController.h; path = ../preferences_window/SCInterfacePrefPaneController.h; sourceTree = "<group>"; };
		F53CE1B2179F3CF500835E3E /* SCInterfacePrefPaneController.m */ = {isa = PBXFileReference; fileEncoding = 4; lastKnownFileType = sourcecode.c.objc; name = SCInterfacePrefPaneController.m; path = ../preferences_window/SCInterfacePrefPaneController.m; sourceTree = "<group>"; };
		F53CE1B3179F3CF500835E3E /* SCNetworkPrefPaneController.h */ = {isa = PBXFileReference; fileEncoding = 4; lastKnownFileType = sourcecode.c.h; name = SCNetworkPrefPaneController.h; path = ../preferences_window/SCNetworkPrefPaneController.h; sourceTree = "<group>"; };
		F53CE1B4179F3CF500835E3E /* SCNetworkPrefPaneController.m */ = {isa = PBXFileReference; fileEncoding = 4; lastKnownFileType = sourcecode.c.objc; name = SCNetworkPrefPaneController.m; path = ../preferences_window/SCNetworkPrefPaneController.m; sourceTree = "<group>"; };
		F53CE1B5179F3CF500835E3E /* SCPreferencesWindowController.h */ = {isa = PBXFileReference; fileEncoding = 4; lastKnownFileType = sourcecode.c.h; path = SCPreferencesWindowController.h; sourceTree = "<group>"; };
		F53CE1B6179F3CF500835E3E /* SCPreferencesWindowController.m */ = {isa = PBXFileReference; fileEncoding = 4; lastKnownFileType = sourcecode.c.objc; path = SCPreferencesWindowController.m; sourceTree = "<group>"; };
		F53CE1E2179F3D5E00835E3E /* en */ = {isa = PBXFileReference; lastKnownFileType = text.plist.strings; name = en; path = en.lproj/InfoPlist.strings; sourceTree = "<group>"; };
		F53CE1E4179F3D5E00835E3E /* en */ = {isa = PBXFileReference; lastKnownFileType = text.plist.strings; name = en; path = en.lproj/Localizable.strings; sourceTree = "<group>"; };
		F53CE1E7179F3DEB00835E3E /* Poison.iconset */ = {isa = PBXFileReference; lastKnownFileType = folder.iconset; name = Poison.iconset; path = art/Poison.iconset; sourceTree = SOURCE_ROOT; };
		F53CE1EA179F3E5E00835E3E /* .gitignore */ = {isa = PBXFileReference; fileEncoding = 4; lastKnownFileType = text; path = .gitignore; sourceTree = "<group>"; };
		F53CE1EB179F3E5E00835E3E /* .travis.yml */ = {isa = PBXFileReference; fileEncoding = 4; lastKnownFileType = text; path = .travis.yml; sourceTree = "<group>"; };
		F53CE1EC179F3E5E00835E3E /* CMakeLists.txt */ = {isa = PBXFileReference; fileEncoding = 4; lastKnownFileType = text; path = CMakeLists.txt; sourceTree = "<group>"; };
		F53CE1ED179F3E5E00835E3E /* COPYING */ = {isa = PBXFileReference; fileEncoding = 4; lastKnownFileType = text; path = COPYING; sourceTree = "<group>"; };
		F53CE1EE179F3E5E00835E3E /* INSTALL.md */ = {isa = PBXFileReference; fileEncoding = 4; lastKnownFileType = text; path = INSTALL.md; sourceTree = "<group>"; };
		F53CE1EF179F3E5E00835E3E /* README.md */ = {isa = PBXFileReference; fileEncoding = 4; lastKnownFileType = text; path = README.md; sourceTree = "<group>"; };
		F53CE1F1179F3E5E00835E3E /* CMakeLists.txt */ = {isa = PBXFileReference; fileEncoding = 4; lastKnownFileType = text; path = CMakeLists.txt; sourceTree = "<group>"; };
		F53CE1F2179F3E5E00835E3E /* DHT.c */ = {isa = PBXFileReference; fileEncoding = 4; lastKnownFileType = sourcecode.c.c; path = DHT.c; sourceTree = "<group>"; };
		F53CE1F3179F3E5E00835E3E /* DHT.h */ = {isa = PBXFileReference; fileEncoding = 4; lastKnownFileType = sourcecode.c.h; path = DHT.h; sourceTree = "<group>"; };
		F53CE1F4179F3E5E00835E3E /* Lossless_UDP.c */ = {isa = PBXFileReference; fileEncoding = 4; lastKnownFileType = sourcecode.c.c; path = Lossless_UDP.c; sourceTree = "<group>"; };
		F53CE1F5179F3E5E00835E3E /* Lossless_UDP.h */ = {isa = PBXFileReference; fileEncoding = 4; lastKnownFileType = sourcecode.c.h; path = Lossless_UDP.h; sourceTree = "<group>"; };
		F53CE1F6179F3E5E00835E3E /* Messenger.c */ = {isa = PBXFileReference; fileEncoding = 4; lastKnownFileType = sourcecode.c.c; path = Messenger.c; sourceTree = "<group>"; };
		F53CE1F7179F3E5E00835E3E /* Messenger.h */ = {isa = PBXFileReference; fileEncoding = 4; lastKnownFileType = sourcecode.c.h; path = Messenger.h; sourceTree = "<group>"; };
		F53CE1F8179F3E5E00835E3E /* friend_requests.c */ = {isa = PBXFileReference; fileEncoding = 4; lastKnownFileType = sourcecode.c.c; path = friend_requests.c; sourceTree = "<group>"; };
		F53CE1F9179F3E5E00835E3E /* friend_requests.h */ = {isa = PBXFileReference; fileEncoding = 4; lastKnownFileType = sourcecode.c.h; path = friend_requests.h; sourceTree = "<group>"; };
		F53CE1FA179F3E5E00835E3E /* net_crypto.c */ = {isa = PBXFileReference; fileEncoding = 4; lastKnownFileType = sourcecode.c.c; path = net_crypto.c; sourceTree = "<group>"; };
		F53CE1FB179F3E5E00835E3E /* net_crypto.h */ = {isa = PBXFileReference; fileEncoding = 4; lastKnownFileType = sourcecode.c.h; path = net_crypto.h; sourceTree = "<group>"; };
		F53CE1FC179F3E5E00835E3E /* network.c */ = {isa = PBXFileReference; fileEncoding = 4; lastKnownFileType = sourcecode.c.c; path = network.c; sourceTree = "<group>"; };
		F53CE1FD179F3E5E00835E3E /* network.h */ = {isa = PBXFileReference; fileEncoding = 4; lastKnownFileType = sourcecode.c.h; path = network.h; sourceTree = "<group>"; };
		F53CE1FF179F3E5E00835E3E /* CMakeLists.txt */ = {isa = PBXFileReference; fileEncoding = 4; lastKnownFileType = text; path = CMakeLists.txt; sourceTree = "<group>"; };
		F53CE200179F3E5E00835E3E /* DHT_bootstrap.c */ = {isa = PBXFileReference; fileEncoding = 4; lastKnownFileType = sourcecode.c.c; path = DHT_bootstrap.c; sourceTree = "<group>"; };
		F53CE202179F3E5E00835E3E /* CMakeLists.txt */ = {isa = PBXFileReference; fileEncoding = 4; lastKnownFileType = text; path = CMakeLists.txt; sourceTree = "<group>"; };
		F53CE203179F3E5E00835E3E /* DHT_bootstrap_daemon.c */ = {isa = PBXFileReference; fileEncoding = 4; lastKnownFileType = sourcecode.c.c; path = DHT_bootstrap_daemon.c; sourceTree = "<group>"; };
		F53CE204179F3E5E00835E3E /* initscript.sh */ = {isa = PBXFileReference; fileEncoding = 4; lastKnownFileType = text.script.sh; path = initscript.sh; sourceTree = "<group>"; };
		F53CE206179F3E5E00835E3E /* DHT_bootstrap.cmake */ = {isa = PBXFileReference; fileEncoding = 4; lastKnownFileType = text; path = DHT_bootstrap.cmake; sourceTree = "<group>"; };
		F53CE208179F3E5E00835E3E /* CMakeLists.txt */ = {isa = PBXFileReference; fileEncoding = 4; lastKnownFileType = text; path = CMakeLists.txt; sourceTree = "<group>"; };
		F53CE209179F3E5E00835E3E /* DHT_cryptosendfiletest.c */ = {isa = PBXFileReference; fileEncoding = 4; lastKnownFileType = sourcecode.c.c; path = DHT_cryptosendfiletest.c; sourceTree = "<group>"; };
		F53CE20A179F3E5E00835E3E /* DHT_sendfiletest.c */ = {isa = PBXFileReference; fileEncoding = 4; lastKnownFileType = sourcecode.c.c; path = DHT_sendfiletest.c; sourceTree = "<group>"; };
		F53CE20B179F3E5E00835E3E /* DHT_test.c */ = {isa = PBXFileReference; fileEncoding = 4; lastKnownFileType = sourcecode.c.c; path = DHT_test.c; sourceTree = "<group>"; };
		F53CE20C179F3E5E00835E3E /* Lossless_UDP_testclient.c */ = {isa = PBXFileReference; fileEncoding = 4; lastKnownFileType = sourcecode.c.c; path = Lossless_UDP_testclient.c; sourceTree = "<group>"; };
		F53CE20D179F3E5E00835E3E /* Lossless_UDP_testserver.c */ = {isa = PBXFileReference; fileEncoding = 4; lastKnownFileType = sourcecode.c.c; path = Lossless_UDP_testserver.c; sourceTree = "<group>"; };
		F53CE20E179F3E5E00835E3E /* Messenger_test.c */ = {isa = PBXFileReference; fileEncoding = 4; lastKnownFileType = sourcecode.c.c; path = Messenger_test.c; sourceTree = "<group>"; };
		F53CE210179F3E5E00835E3E /* DHT_cryptosendfiletest.cmake */ = {isa = PBXFileReference; fileEncoding = 4; lastKnownFileType = text; path = DHT_cryptosendfiletest.cmake; sourceTree = "<group>"; };
		F53CE211179F3E5E00835E3E /* DHT_sendfiletest.cmake */ = {isa = PBXFileReference; fileEncoding = 4; lastKnownFileType = text; path = DHT_sendfiletest.cmake; sourceTree = "<group>"; };
		F53CE212179F3E5E00835E3E /* DHT_test.cmake */ = {isa = PBXFileReference; fileEncoding = 4; lastKnownFileType = text; path = DHT_test.cmake; sourceTree = "<group>"; };
		F53CE213179F3E5E00835E3E /* Lossless_UDP_testclient.cmake */ = {isa = PBXFileReference; fileEncoding = 4; lastKnownFileType = text; path = Lossless_UDP_testclient.cmake; sourceTree = "<group>"; };
		F53CE214179F3E5E00835E3E /* Lossless_UDP_testserver.cmake */ = {isa = PBXFileReference; fileEncoding = 4; lastKnownFileType = text; path = Lossless_UDP_testserver.cmake; sourceTree = "<group>"; };
		F53CE215179F3E5E00835E3E /* Messenger_test.cmake */ = {isa = PBXFileReference; fileEncoding = 4; lastKnownFileType = text; path = Messenger_test.cmake; sourceTree = "<group>"; };
		F53CE216179F3E5E00835E3E /* nTox.cmake */ = {isa = PBXFileReference; fileEncoding = 4; lastKnownFileType = text; path = nTox.cmake; sourceTree = "<group>"; };
		F53CE217179F3E5E00835E3E /* nTox.c */ = {isa = PBXFileReference; fileEncoding = 4; lastKnownFileType = sourcecode.c.c; path = nTox.c; sourceTree = "<group>"; };
		F53CE218179F3E5E00835E3E /* nTox.h */ = {isa = PBXFileReference; fileEncoding = 4; lastKnownFileType = sourcecode.c.h; path = nTox.h; sourceTree = "<group>"; };
		F53CE219179F3E5E00835E3E /* rect.py */ = {isa = PBXFileReference; fileEncoding = 4; lastKnownFileType = text.script.python; path = rect.py; sourceTree = "<group>"; };
		F53CE291179F408700835E3E /* about_header.png */ = {isa = PBXFileReference; lastKnownFileType = image.png; path = about_header.png; sourceTree = "<group>"; };
		F53CE292179F408700835E3E /* icon-frequests.png */ = {isa = PBXFileReference; lastKnownFileType = image.png; path = "icon-frequests.png"; sourceTree = "<group>"; };
		F53CE293179F408700835E3E /* icon_info.png */ = {isa = PBXFileReference; lastKnownFileType = image.png; path = icon_info.png; sourceTree = "<group>"; };
		F53CE294179F408700835E3E /* icon_minus.png */ = {isa = PBXFileReference; lastKnownFileType = image.png; path = icon_minus.png; sourceTree = "<group>"; };
		F53CE295179F408700835E3E /* icon_plus.png */ = {isa = PBXFileReference; lastKnownFileType = image.png; path = icon_plus.png; sourceTree = "<group>"; };
		F53CE296179F408700835E3E /* icon_smiley.png */ = {isa = PBXFileReference; lastKnownFileType = image.png; path = icon_smiley.png; sourceTree = "<group>"; };
		F53CE297179F408700835E3E /* login_bg.png */ = {isa = PBXFileReference; lastKnownFileType = image.png; path = login_bg.png; sourceTree = "<group>"; };
		F53CE298179F408700835E3E /* shiina.icns */ = {isa = PBXFileReference; lastKnownFileType = image.icns; path = shiina.icns; sourceTree = "<group>"; };
		F53CE299179F408700835E3E /* status-light-away.png */ = {isa = PBXFileReference; lastKnownFileType = image.png; path = "status-light-away.png"; sourceTree = "<group>"; };
		F53CE29A179F408700835E3E /* status-light-offline.png */ = {isa = PBXFileReference; lastKnownFileType = image.png; path = "status-light-offline.png"; sourceTree = "<group>"; };
		F53CE29B179F408700835E3E /* status-light-online.png */ = {isa = PBXFileReference; lastKnownFileType = image.png; path = "status-light-online.png"; sourceTree = "<group>"; };
		F53CE2A7179F409200835E3E /* TranscriptViewBase.html */ = {isa = PBXFileReference; fileEncoding = 4; lastKnownFileType = text.html; path = TranscriptViewBase.html; sourceTree = SOURCE_ROOT; };
		F53CE2A8179F409200835E3E /* TranscriptViewBaseAlternate.html */ = {isa = PBXFileReference; fileEncoding = 4; lastKnownFileType = text.html; path = TranscriptViewBaseAlternate.html; sourceTree = SOURCE_ROOT; };
		F542682F1790E16C0081673D /* Poison.app */ = {isa = PBXFileReference; explicitFileType = wrapper.application; includeInIndex = 0; path = Poison.app; sourceTree = BUILT_PRODUCTS_DIR; };
		F54268321790E16C0081673D /* Cocoa.framework */ = {isa = PBXFileReference; lastKnownFileType = wrapper.framework; name = Cocoa.framework; path = System/Library/Frameworks/Cocoa.framework; sourceTree = SDKROOT; };
		F54268351790E16C0081673D /* AppKit.framework */ = {isa = PBXFileReference; lastKnownFileType = wrapper.framework; name = AppKit.framework; path = System/Library/Frameworks/AppKit.framework; sourceTree = SDKROOT; };
		F54268361790E16C0081673D /* CoreData.framework */ = {isa = PBXFileReference; lastKnownFileType = wrapper.framework; name = CoreData.framework; path = System/Library/Frameworks/CoreData.framework; sourceTree = SDKROOT; };
		F54268371790E16C0081673D /* Foundation.framework */ = {isa = PBXFileReference; lastKnownFileType = wrapper.framework; name = Foundation.framework; path = System/Library/Frameworks/Foundation.framework; sourceTree = SDKROOT; };
		F54C6DAB17923B1600880937 /* PXListDocumentView.h */ = {isa = PBXFileReference; fileEncoding = 4; lastKnownFileType = sourcecode.c.h; name = PXListDocumentView.h; path = PXListView/Classes/PXListDocumentView.h; sourceTree = SOURCE_ROOT; };
		F54C6DAC17923B1600880937 /* PXListDocumentView.m */ = {isa = PBXFileReference; fileEncoding = 4; lastKnownFileType = sourcecode.c.objc; name = PXListDocumentView.m; path = PXListView/Classes/PXListDocumentView.m; sourceTree = SOURCE_ROOT; };
		F54C6DAD17923B1700880937 /* PXListView.h */ = {isa = PBXFileReference; fileEncoding = 4; lastKnownFileType = sourcecode.c.h; name = PXListView.h; path = PXListView/Classes/PXListView.h; sourceTree = SOURCE_ROOT; };
		F54C6DAE17923B1700880937 /* PXListView.m */ = {isa = PBXFileReference; fileEncoding = 4; lastKnownFileType = sourcecode.c.objc; name = PXListView.m; path = PXListView/Classes/PXListView.m; sourceTree = SOURCE_ROOT; };
		F54C6DAF17923B1700880937 /* PXListView+Private.h */ = {isa = PBXFileReference; fileEncoding = 4; lastKnownFileType = sourcecode.c.h; name = "PXListView+Private.h"; path = "PXListView/Classes/PXListView+Private.h"; sourceTree = SOURCE_ROOT; };
		F54C6DB017923B1700880937 /* PXListView+UserInteraction.h */ = {isa = PBXFileReference; fileEncoding = 4; lastKnownFileType = sourcecode.c.h; name = "PXListView+UserInteraction.h"; path = "PXListView/Classes/PXListView+UserInteraction.h"; sourceTree = SOURCE_ROOT; };
		F54C6DB117923B1700880937 /* PXListView+UserInteraction.m */ = {isa = PBXFileReference; fileEncoding = 4; lastKnownFileType = sourcecode.c.objc; name = "PXListView+UserInteraction.m"; path = "PXListView/Classes/PXListView+UserInteraction.m"; sourceTree = SOURCE_ROOT; };
		F54C6DB217923B1700880937 /* PXListViewCell.h */ = {isa = PBXFileReference; fileEncoding = 4; lastKnownFileType = sourcecode.c.h; name = PXListViewCell.h; path = PXListView/Classes/PXListViewCell.h; sourceTree = SOURCE_ROOT; };
		F54C6DB317923B1700880937 /* PXListViewCell.m */ = {isa = PBXFileReference; fileEncoding = 4; lastKnownFileType = sourcecode.c.objc; name = PXListViewCell.m; path = PXListView/Classes/PXListViewCell.m; sourceTree = SOURCE_ROOT; };
		F54C6DB417923B1700880937 /* PXListViewCell+Private.h */ = {isa = PBXFileReference; fileEncoding = 4; lastKnownFileType = sourcecode.c.h; name = "PXListViewCell+Private.h"; path = "PXListView/Classes/PXListViewCell+Private.h"; sourceTree = SOURCE_ROOT; };
		F54C6DB517923B1700880937 /* PXListViewDelegate.h */ = {isa = PBXFileReference; fileEncoding = 4; lastKnownFileType = sourcecode.c.h; name = PXListViewDelegate.h; path = PXListView/Classes/PXListViewDelegate.h; sourceTree = SOURCE_ROOT; };
		F54C6DB617923B1700880937 /* PXListViewDropHighlight.h */ = {isa = PBXFileReference; fileEncoding = 4; lastKnownFileType = sourcecode.c.h; name = PXListViewDropHighlight.h; path = PXListView/Classes/PXListViewDropHighlight.h; sourceTree = SOURCE_ROOT; };
		F595D6C3179307B100A6C4D2 /* WebKit.framework */ = {isa = PBXFileReference; lastKnownFileType = wrapper.framework; name = WebKit.framework; path = System/Library/Frameworks/WebKit.framework; sourceTree = SDKROOT; };
		F595D6E317934CBF00A6C4D2 /* QuartzCore.framework */ = {isa = PBXFileReference; lastKnownFileType = wrapper.framework; name = QuartzCore.framework; path = System/Library/Frameworks/QuartzCore.framework; sourceTree = SDKROOT; };
/* End PBXFileReference section */

/* Begin PBXFrameworksBuildPhase section */
		F542682C1790E16C0081673D /* Frameworks */ = {
			isa = PBXFrameworksBuildPhase;
			buildActionMask = 2147483647;
			files = (
				F595D6E417934CBF00A6C4D2 /* QuartzCore.framework in Frameworks */,
				F595D6C4179307B100A6C4D2 /* WebKit.framework in Frameworks */,
				F54268331790E16C0081673D /* Cocoa.framework in Frameworks */,
			);
			runOnlyForDeploymentPostprocessing = 0;
		};
/* End PBXFrameworksBuildPhase section */

/* Begin PBXGroup section */
		F53CE13D179F3B6E00835E3E /* Supporting Files */ = {
			isa = PBXGroup;
			children = (
				F53CE290179F408700835E3E /* Images */,
				F53CE163179F3CF400835E3E /* Poison-Info.plist */,
				F53CE1E7179F3DEB00835E3E /* Poison.iconset */,
				F53CE2A7179F409200835E3E /* TranscriptViewBase.html */,
				F53CE2A8179F409200835E3E /* TranscriptViewBaseAlternate.html */,
				F53CE1E0179F3D5D00835E3E /* Localizable */,
			);
			name = "Supporting Files";
			sourceTree = "<group>";
		};
		F53CE13F179F3BEC00835E3E /* XIBs */ = {
			isa = PBXGroup;
			children = (
				F53CE161179F3C6400835E3E /* Windows */,
				F53CE15F179F3C4500835E3E /* Sheets */,
				F53CE15E179F3C1400835E3E /* Preference Panes */,
				F53CE144179F3BED00835E3E /* MainMenu.xib */,
				F53CE148179F3BED00835E3E /* Conversation.xib */,
				F53CE149179F3BED00835E3E /* FriendCell.xib */,
				F53CE14D179F3BED00835E3E /* RequestCell.xib */,
			);
			name = XIBs;
			path = interfaces;
			sourceTree = SOURCE_ROOT;
		};
		F53CE15E179F3C1400835E3E /* Preference Panes */ = {
			isa = PBXGroup;
			children = (
				F53CE142179F3BED00835E3E /* General.xib */,
				F53CE143179F3BED00835E3E /* Interface.xib */,
				F53CE145179F3BED00835E3E /* Network.xib */,
			);
			name = "Preference Panes";
			sourceTree = "<group>";
		};
		F53CE15F179F3C4500835E3E /* Sheets */ = {
			isa = PBXGroup;
			children = (
				F53CE141179F3BED00835E3E /* BootstrapSheet.xib */,
				F53CE147179F3BED00835E3E /* AddFriend.xib */,
				F53CE14A179F3BED00835E3E /* RequestsList.xib */,
			);
			name = Sheets;
			sourceTree = "<group>";
		};
		F53CE161179F3C6400835E3E /* Windows */ = {
			isa = PBXGroup;
			children = (
				F53CE140179F3BEC00835E3E /* AboutWindow.xib */,
				F53CE146179F3BED00835E3E /* Preferences.xib */,
				F53CE14C179F3BED00835E3E /* MainWindow.xib */,
				F53CE14E179F3BED00835E3E /* LoginWindow.xib */,
			);
			name = Windows;
			sourceTree = "<group>";
		};
		F53CE162179F3CF400835E3E /* Code */ = {
			isa = PBXGroup;
			children = (
				F53CE164179F3CF400835E3E /* Poison-Prefix.pch */,
				F53CE165179F3CF400835E3E /* SCAppDelegate.h */,
				F53CE166179F3CF400835E3E /* SCAppDelegate.m */,
				F53CE18E179F3CF500835E3E /* main.m */,
				F53CE167179F3CF400835E3E /* about_window */,
				F53CE16A179F3CF400835E3E /* add_friend */,
				F53CE16D179F3CF400835E3E /* common */,
				F53CE178179F3CF400835E3E /* conversation_view */,
				F53CE17B179F3CF400835E3E /* conversation_window */,
				F53CE182179F3CF400835E3E /* friend_requests */,
				F53CE187179F3CF400835E3E /* login_window */,
				F53CE18F179F3CF500835E3E /* main_window */,
				F53CE1A4179F3CF500835E3E /* networking */,
				F53CE1AD179F3CF500835E3E /* preference_panes */,
				F53CE1AE179F3CF500835E3E /* preferences_window */,
			);
			name = Code;
			path = code;
			sourceTree = SOURCE_ROOT;
		};
		F53CE167179F3CF400835E3E /* about_window */ = {
			isa = PBXGroup;
			children = (
				F53CE168179F3CF400835E3E /* SCAboutWindowController.h */,
				F53CE169179F3CF400835E3E /* SCAboutWindowController.m */,
			);
			path = about_window;
			sourceTree = "<group>";
		};
		F53CE16A179F3CF400835E3E /* add_friend */ = {
			isa = PBXGroup;
			children = (
				F53CE190179F3CF500835E3E /* SCAddFriendSheetController.h */,
				F53CE191179F3CF500835E3E /* SCAddFriendSheetController.m */,
			);
			path = add_friend;
			sourceTree = "<group>";
		};
		F53CE16D179F3CF400835E3E /* common */ = {
			isa = PBXGroup;
			children = (
				F53CE16E179F3CF400835E3E /* SCChromeBGView.h */,
				F53CE16F179F3CF400835E3E /* SCChromeBGView.m */,
				F53CE170179F3CF400835E3E /* SCDarkChromeBGView.h */,
				F53CE171179F3CF400835E3E /* SCDarkChromeBGView.m */,
				F53CE174179F3CF400835E3E /* SCPublicKeyFormatter.h */,
				F53CE175179F3CF400835E3E /* SCPublicKeyFormatter.m */,
				F53CE176179F3CF400835E3E /* SCWhiteChromeBGView.h */,
				F53CE177179F3CF400835E3E /* SCWhiteChromeBGView.m */,
			);
			path = common;
			sourceTree = "<group>";
		};
		F53CE178179F3CF400835E3E /* conversation_view */ = {
			isa = PBXGroup;
			children = (
				F53CE194179F3CF500835E3E /* SCChatBaseBackgroundView.h */,
				F53CE195179F3CF500835E3E /* SCChatBaseBackgroundView.m */,
				F53CE196179F3CF500835E3E /* SCChatStatusView.h */,
				F53CE197179F3CF500835E3E /* SCChatStatusView.m */,
				F53CE179179F3CF400835E3E /* SCConversationViewController.h */,
				F53CE17A179F3CF400835E3E /* SCConversationViewController.m */,
			);
			path = conversation_view;
			sourceTree = "<group>";
		};
		F53CE17B179F3CF400835E3E /* conversation_window */ = {
			isa = PBXGroup;
			children = (
				F53CE17C179F3CF400835E3E /* SCConversationWindowController.h */,
				F53CE17D179F3CF400835E3E /* SCConversationWindowController.m */,
			);
			path = conversation_window;
			sourceTree = "<group>";
		};
		F53CE182179F3CF400835E3E /* friend_requests */ = {
			isa = PBXGroup;
			children = (
				F53CE183179F3CF400835E3E /* SCFriendRequestListingController.h */,
				F53CE184179F3CF400835E3E /* SCFriendRequestListingController.m */,
				F53CE185179F3CF400835E3E /* SCRequestCellView.h */,
				F53CE186179F3CF400835E3E /* SCRequestCellView.m */,
			);
			path = friend_requests;
			sourceTree = "<group>";
		};
		F53CE187179F3CF400835E3E /* login_window */ = {
			isa = PBXGroup;
			children = (
				F53CE188179F3CF400835E3E /* SCFlatButton.h */,
				F53CE189179F3CF400835E3E /* SCFlatButton.m */,
				F53CE18A179F3CF400835E3E /* SCWBackgroundView.h */,
				F53CE18B179F3CF400835E3E /* SCWBackgroundView.m */,
				F53CE18C179F3CF500835E3E /* SCWelcomeWindowController.h */,
				F53CE18D179F3CF500835E3E /* SCWelcomeWindowController.m */,
			);
			path = login_window;
			sourceTree = "<group>";
		};
		F53CE18F179F3CF500835E3E /* main_window */ = {
			isa = PBXGroup;
			children = (
				F53CE192179F3CF500835E3E /* SCBootstrapSheetController.h */,
				F53CE193179F3CF500835E3E /* SCBootstrapSheetController.m */,
				F53CE198179F3CF500835E3E /* SCFriendCellView.h */,
				F53CE199179F3CF500835E3E /* SCFriendCellView.m */,
				F53CE19A179F3CF500835E3E /* SCMainChatWindowController.h */,
				F53CE19B179F3CF500835E3E /* SCMainChatWindowController.m */,
			);
			path = main_window;
			sourceTree = "<group>";
		};
		F53CE1A4179F3CF500835E3E /* networking */ = {
			isa = PBXGroup;
			children = (
				F53CE1A5179F3CF500835E3E /* SCChatContext.h */,
				F53CE1A6179F3CF500835E3E /* SCChatContext.m */,
				F53CE1A7179F3CF500835E3E /* SCFriendListManager.h */,
				F53CE1A8179F3CF500835E3E /* SCFriendListManager.m */,
				F53CE1A9179F3CF500835E3E /* SCTOXFriend.h */,
				F53CE1AA179F3CF500835E3E /* SCTOXFriend.m */,
				F53CE1AB179F3CF500835E3E /* SCTOXNetworkConnection.h */,
				F53CE1AC179F3CF500835E3E /* SCTOXNetworkConnection.m */,
			);
			path = networking;
			sourceTree = "<group>";
		};
		F53CE1AD179F3CF500835E3E /* preference_panes */ = {
			isa = PBXGroup;
			children = (
				F53CE1AF179F3CF500835E3E /* SCGeneralPrefPaneController.h */,
				F53CE1B0179F3CF500835E3E /* SCGeneralPrefPaneController.m */,
				F53CE1B1179F3CF500835E3E /* SCInterfacePrefPaneController.h */,
				F53CE1B2179F3CF500835E3E /* SCInterfacePrefPaneController.m */,
				F53CE1B3179F3CF500835E3E /* SCNetworkPrefPaneController.h */,
				F53CE1B4179F3CF500835E3E /* SCNetworkPrefPaneController.m */,
			);
			path = preference_panes;
			sourceTree = "<group>";
		};
		F53CE1AE179F3CF500835E3E /* preferences_window */ = {
			isa = PBXGroup;
			children = (
				F53CE1B5179F3CF500835E3E /* SCPreferencesWindowController.h */,
				F53CE1B6179F3CF500835E3E /* SCPreferencesWindowController.m */,
			);
			path = preferences_window;
			sourceTree = "<group>";
		};
		F53CE1E0179F3D5D00835E3E /* Localizable */ = {
			isa = PBXGroup;
			children = (
				F53CE1E1179F3D5E00835E3E /* InfoPlist.strings */,
				F53CE1E3179F3D5E00835E3E /* Localizable.strings */,
			);
			name = Localizable;
			path = localizable;
			sourceTree = SOURCE_ROOT;
		};
		F53CE1E9179F3E5E00835E3E /* ProjectTox-Core */ = {
			isa = PBXGroup;
			children = (
				F53CE1EA179F3E5E00835E3E /* .gitignore */,
				F53CE1EB179F3E5E00835E3E /* .travis.yml */,
				F53CE1EC179F3E5E00835E3E /* CMakeLists.txt */,
				F53CE1ED179F3E5E00835E3E /* COPYING */,
				F53CE1EE179F3E5E00835E3E /* INSTALL.md */,
				F53CE1EF179F3E5E00835E3E /* README.md */,
				F53CE1F0179F3E5E00835E3E /* core */,
				F53CE1FE179F3E5E00835E3E /* other */,
				F53CE207179F3E5E00835E3E /* testing */,
			);
			path = "ProjectTox-Core";
			sourceTree = "<group>";
		};
		F53CE1F0179F3E5E00835E3E /* core */ = {
			isa = PBXGroup;
			children = (
				F53CE1F1179F3E5E00835E3E /* CMakeLists.txt */,
				F53CE1F2179F3E5E00835E3E /* DHT.c */,
				F53CE1F3179F3E5E00835E3E /* DHT.h */,
				F53CE1F4179F3E5E00835E3E /* Lossless_UDP.c */,
				F53CE1F5179F3E5E00835E3E /* Lossless_UDP.h */,
				F53CE1F6179F3E5E00835E3E /* Messenger.c */,
				F53CE1F7179F3E5E00835E3E /* Messenger.h */,
				F53CE1F8179F3E5E00835E3E /* friend_requests.c */,
				F53CE1F9179F3E5E00835E3E /* friend_requests.h */,
				F53CE1FA179F3E5E00835E3E /* net_crypto.c */,
				F53CE1FB179F3E5E00835E3E /* net_crypto.h */,
				F53CE1FC179F3E5E00835E3E /* network.c */,
				F53CE1FD179F3E5E00835E3E /* network.h */,
			);
			path = core;
			sourceTree = "<group>";
		};
		F53CE1FE179F3E5E00835E3E /* other */ = {
			isa = PBXGroup;
			children = (
				F53CE1FF179F3E5E00835E3E /* CMakeLists.txt */,
				F53CE200179F3E5E00835E3E /* DHT_bootstrap.c */,
				F53CE201179F3E5E00835E3E /* bootstrap_serverdaemon */,
				F53CE205179F3E5E00835E3E /* cmake */,
			);
			path = other;
			sourceTree = "<group>";
		};
		F53CE201179F3E5E00835E3E /* bootstrap_serverdaemon */ = {
			isa = PBXGroup;
			children = (
				F53CE202179F3E5E00835E3E /* CMakeLists.txt */,
				F53CE203179F3E5E00835E3E /* DHT_bootstrap_daemon.c */,
				F53CE204179F3E5E00835E3E /* initscript.sh */,
			);
			path = bootstrap_serverdaemon;
			sourceTree = "<group>";
		};
		F53CE205179F3E5E00835E3E /* cmake */ = {
			isa = PBXGroup;
			children = (
				F53CE206179F3E5E00835E3E /* DHT_bootstrap.cmake */,
			);
			path = cmake;
			sourceTree = "<group>";
		};
		F53CE207179F3E5E00835E3E /* testing */ = {
			isa = PBXGroup;
			children = (
				F53CE208179F3E5E00835E3E /* CMakeLists.txt */,
				F53CE209179F3E5E00835E3E /* DHT_cryptosendfiletest.c */,
				F53CE20A179F3E5E00835E3E /* DHT_sendfiletest.c */,
				F53CE20B179F3E5E00835E3E /* DHT_test.c */,
				F53CE20C179F3E5E00835E3E /* Lossless_UDP_testclient.c */,
				F53CE20D179F3E5E00835E3E /* Lossless_UDP_testserver.c */,
				F53CE20E179F3E5E00835E3E /* Messenger_test.c */,
				F53CE20F179F3E5E00835E3E /* cmake */,
				F53CE217179F3E5E00835E3E /* nTox.c */,
				F53CE218179F3E5E00835E3E /* nTox.h */,
				F53CE219179F3E5E00835E3E /* rect.py */,
			);
			path = testing;
			sourceTree = "<group>";
		};
		F53CE20F179F3E5E00835E3E /* cmake */ = {
			isa = PBXGroup;
			children = (
				F53CE210179F3E5E00835E3E /* DHT_cryptosendfiletest.cmake */,
				F53CE211179F3E5E00835E3E /* DHT_sendfiletest.cmake */,
				F53CE212179F3E5E00835E3E /* DHT_test.cmake */,
				F53CE213179F3E5E00835E3E /* Lossless_UDP_testclient.cmake */,
				F53CE214179F3E5E00835E3E /* Lossless_UDP_testserver.cmake */,
				F53CE215179F3E5E00835E3E /* Messenger_test.cmake */,
				F53CE216179F3E5E00835E3E /* nTox.cmake */,
			);
			path = cmake;
			sourceTree = "<group>";
		};
		F53CE290179F408700835E3E /* Images */ = {
			isa = PBXGroup;
			children = (
				F53CE291179F408700835E3E /* about_header.png */,
				F53CE292179F408700835E3E /* icon-frequests.png */,
				F53CE293179F408700835E3E /* icon_info.png */,
				F53CE294179F408700835E3E /* icon_minus.png */,
				F53CE295179F408700835E3E /* icon_plus.png */,
				F53CE296179F408700835E3E /* icon_smiley.png */,
				F53CE297179F408700835E3E /* login_bg.png */,
				F53CE298179F408700835E3E /* shiina.icns */,
				F53CE299179F408700835E3E /* status-light-away.png */,
				F53CE29A179F408700835E3E /* status-light-offline.png */,
				F53CE29B179F408700835E3E /* status-light-online.png */,
			);
			name = Images;
			path = art/ui_images;
			sourceTree = SOURCE_ROOT;
		};
		F54268261790E16C0081673D = {
			isa = PBXGroup;
			children = (
				F54268381790E16C0081673D /* Poison */,
				F54C6DBB17923B1B00880937 /* PXListView */,
				F53CE1E9179F3E5E00835E3E /* ProjectTox-Core */,
				F54268311790E16C0081673D /* Frameworks */,
				F54268301790E16C0081673D /* Products */,
			);
			sourceTree = "<group>";
		};
		F54268301790E16C0081673D /* Products */ = {
			isa = PBXGroup;
			children = (
				F542682F1790E16C0081673D /* Poison.app */,
			);
			name = Products;
			sourceTree = "<group>";
		};
		F54268311790E16C0081673D /* Frameworks */ = {
			isa = PBXGroup;
			children = (
				F595D6E317934CBF00A6C4D2 /* QuartzCore.framework */,
				F595D6C3179307B100A6C4D2 /* WebKit.framework */,
				F54268321790E16C0081673D /* Cocoa.framework */,
				F54268341790E16C0081673D /* Other Frameworks */,
			);
			name = Frameworks;
			sourceTree = "<group>";
		};
		F54268341790E16C0081673D /* Other Frameworks */ = {
			isa = PBXGroup;
			children = (
				F54268351790E16C0081673D /* AppKit.framework */,
				F54268361790E16C0081673D /* CoreData.framework */,
				F54268371790E16C0081673D /* Foundation.framework */,
			);
			name = "Other Frameworks";
			sourceTree = "<group>";
		};
		F54268381790E16C0081673D /* Poison */ = {
			isa = PBXGroup;
			children = (
				F53CE162179F3CF400835E3E /* Code */,
				F53CE13F179F3BEC00835E3E /* XIBs */,
				F53CE13D179F3B6E00835E3E /* Supporting Files */,
			);
			path = Poison;
			sourceTree = "<group>";
		};
		F54C6DBB17923B1B00880937 /* PXListView */ = {
			isa = PBXGroup;
			children = (
				F54C6DAB17923B1600880937 /* PXListDocumentView.h */,
				F54C6DAC17923B1600880937 /* PXListDocumentView.m */,
				F54C6DAD17923B1700880937 /* PXListView.h */,
				F54C6DAE17923B1700880937 /* PXListView.m */,
				F54C6DAF17923B1700880937 /* PXListView+Private.h */,
				F54C6DB017923B1700880937 /* PXListView+UserInteraction.h */,
				F54C6DB117923B1700880937 /* PXListView+UserInteraction.m */,
				F54C6DB217923B1700880937 /* PXListViewCell.h */,
				F54C6DB317923B1700880937 /* PXListViewCell.m */,
				F54C6DB417923B1700880937 /* PXListViewCell+Private.h */,
				F54C6DB517923B1700880937 /* PXListViewDelegate.h */,
				F54C6DB617923B1700880937 /* PXListViewDropHighlight.h */,
			);
			name = PXListView;
			path = Poison;
			sourceTree = "<group>";
		};
/* End PBXGroup section */

/* Begin PBXNativeTarget section */
		F542682E1790E16C0081673D /* Poison */ = {
			isa = PBXNativeTarget;
			buildConfigurationList = F542684C1790E16C0081673D /* Build configuration list for PBXNativeTarget "Poison" */;
			buildPhases = (
				F542682B1790E16C0081673D /* Sources */,
				F542682C1790E16C0081673D /* Frameworks */,
				F542682D1790E16C0081673D /* Resources */,
			);
			buildRules = (
			);
			dependencies = (
			);
			name = Poison;
			productName = Poison;
			productReference = F542682F1790E16C0081673D /* Poison.app */;
			productType = "com.apple.product-type.application";
		};
/* End PBXNativeTarget section */

/* Begin PBXProject section */
		F54268271790E16C0081673D /* Project object */ = {
			isa = PBXProject;
			attributes = {
				CLASSPREFIX = SC;
				LastUpgradeCheck = 0460;
				ORGANIZATIONNAME = "S-STOP ONII-CHAN IT HURTS";
			};
			buildConfigurationList = F542682A1790E16C0081673D /* Build configuration list for PBXProject "Poison" */;
			compatibilityVersion = "Xcode 3.2";
			developmentRegion = English;
			hasScannedForEncodings = 0;
			knownRegions = (
				en,
			);
			mainGroup = F54268261790E16C0081673D;
			productRefGroup = F54268301790E16C0081673D /* Products */;
			projectDirPath = "";
			projectRoot = "";
			targets = (
				F542682E1790E16C0081673D /* Poison */,
			);
		};
/* End PBXProject section */

/* Begin PBXResourcesBuildPhase section */
		F542682D1790E16C0081673D /* Resources */ = {
			isa = PBXResourcesBuildPhase;
			buildActionMask = 2147483647;
			files = (
				F53CE14F179F3BED00835E3E /* AboutWindow.xib in Resources */,
				F53CE150179F3BED00835E3E /* BootstrapSheet.xib in Resources */,
				F53CE151179F3BED00835E3E /* General.xib in Resources */,
				F53CE152179F3BED00835E3E /* Interface.xib in Resources */,
				F53CE153179F3BED00835E3E /* MainMenu.xib in Resources */,
				F53CE154179F3BED00835E3E /* Network.xib in Resources */,
				F53CE155179F3BED00835E3E /* Preferences.xib in Resources */,
				F53CE156179F3BED00835E3E /* AddFriend.xib in Resources */,
				F53CE157179F3BED00835E3E /* Conversation.xib in Resources */,
				F53CE158179F3BED00835E3E /* FriendCell.xib in Resources */,
				F53CE159179F3BED00835E3E /* RequestsList.xib in Resources */,
				F53CE15B179F3BED00835E3E /* MainWindow.xib in Resources */,
				F53CE15C179F3BED00835E3E /* RequestCell.xib in Resources */,
				F53CE15D179F3BED00835E3E /* LoginWindow.xib in Resources */,
				F53CE1E5179F3D5E00835E3E /* InfoPlist.strings in Resources */,
				F53CE1E6179F3D5E00835E3E /* Localizable.strings in Resources */,
				F53CE1E8179F3DEB00835E3E /* Poison.iconset in Resources */,
				F53CE29C179F408700835E3E /* about_header.png in Resources */,
				F53CE29D179F408700835E3E /* icon-frequests.png in Resources */,
				F53CE29E179F408700835E3E /* icon_info.png in Resources */,
				F53CE29F179F408700835E3E /* icon_minus.png in Resources */,
				F53CE2A0179F408700835E3E /* icon_plus.png in Resources */,
				F53CE2A1179F408700835E3E /* icon_smiley.png in Resources */,
				F53CE2A2179F408700835E3E /* login_bg.png in Resources */,
				F53CE2A3179F408700835E3E /* shiina.icns in Resources */,
				F53CE2A4179F408700835E3E /* status-light-away.png in Resources */,
				F53CE2A5179F408700835E3E /* status-light-offline.png in Resources */,
				F53CE2A6179F408700835E3E /* status-light-online.png in Resources */,
				F53CE2A9179F409200835E3E /* TranscriptViewBase.html in Resources */,
				F53CE2AA179F409200835E3E /* TranscriptViewBaseAlternate.html in Resources */,
			);
			runOnlyForDeploymentPostprocessing = 0;
		};
/* End PBXResourcesBuildPhase section */

/* Begin PBXSourcesBuildPhase section */
		F542682B1790E16C0081673D /* Sources */ = {
			isa = PBXSourcesBuildPhase;
			buildActionMask = 2147483647;
			files = (
				F54C6DB717923B1700880937 /* PXListDocumentView.m in Sources */,
				F54C6DB817923B1700880937 /* PXListView.m in Sources */,
				F54C6DB917923B1700880937 /* PXListView+UserInteraction.m in Sources */,
				F54C6DBA17923B1700880937 /* PXListViewCell.m in Sources */,
				F53CE1B8179F3CF500835E3E /* SCAppDelegate.m in Sources */,
				F53CE1B9179F3CF500835E3E /* SCAboutWindowController.m in Sources */,
				F53CE1BB179F3CF500835E3E /* SCChromeBGView.m in Sources */,
				F53CE1BC179F3CF500835E3E /* SCDarkChromeBGView.m in Sources */,
				F53CE1BE179F3CF500835E3E /* SCPublicKeyFormatter.m in Sources */,
				F53CE1BF179F3CF500835E3E /* SCWhiteChromeBGView.m in Sources */,
				F53CE1C0179F3CF500835E3E /* SCConversationViewController.m in Sources */,
				F53CE1C1179F3CF500835E3E /* SCConversationWindowController.m in Sources */,
				F53CE1C4179F3CF500835E3E /* SCFriendRequestListingController.m in Sources */,
				F53CE1C5179F3CF500835E3E /* SCRequestCellView.m in Sources */,
				F53CE1C6179F3CF500835E3E /* SCFlatButton.m in Sources */,
				F53CE1C7179F3CF500835E3E /* SCWBackgroundView.m in Sources */,
				F53CE1C8179F3CF500835E3E /* SCWelcomeWindowController.m in Sources */,
				F53CE1C9179F3CF500835E3E /* main.m in Sources */,
				F53CE1CA179F3CF500835E3E /* SCAddFriendSheetController.m in Sources */,
				F53CE1CB179F3CF500835E3E /* SCBootstrapSheetController.m in Sources */,
				F53CE1CC179F3CF500835E3E /* SCChatBaseBackgroundView.m in Sources */,
				F53CE1CD179F3CF500835E3E /* SCChatStatusView.m in Sources */,
				F53CE1CE179F3CF500835E3E /* SCFriendCellView.m in Sources */,
				F53CE1CF179F3CF500835E3E /* SCMainChatWindowController.m in Sources */,
				F53CE1D8179F3CF500835E3E /* SCChatContext.m in Sources */,
				F53CE1D9179F3CF500835E3E /* SCFriendListManager.m in Sources */,
				F53CE1DA179F3CF500835E3E /* SCTOXFriend.m in Sources */,
				F53CE1DB179F3CF500835E3E /* SCTOXNetworkConnection.m in Sources */,
				F53CE1DC179F3CF500835E3E /* SCGeneralPrefPaneController.m in Sources */,
				F53CE1DD179F3CF500835E3E /* SCInterfacePrefPaneController.m in Sources */,
				F53CE1DE179F3CF500835E3E /* SCNetworkPrefPaneController.m in Sources */,
				F53CE1DF179F3CF500835E3E /* SCPreferencesWindowController.m in Sources */,
				F53CE221179F3E5E00835E3E /* DHT.c in Sources */,
				F53CE222179F3E5F00835E3E /* Lossless_UDP.c in Sources */,
				F53CE223179F3E5F00835E3E /* Messenger.c in Sources */,
				F53CE224179F3E5F00835E3E /* friend_requests.c in Sources */,
				F53CE225179F3E5F00835E3E /* net_crypto.c in Sources */,
				F53CE226179F3E5F00835E3E /* network.c in Sources */,
			);
			runOnlyForDeploymentPostprocessing = 0;
		};
/* End PBXSourcesBuildPhase section */

/* Begin PBXVariantGroup section */
		F53CE1E1179F3D5E00835E3E /* InfoPlist.strings */ = {
			isa = PBXVariantGroup;
			children = (
				F53CE1E2179F3D5E00835E3E /* en */,
			);
			name = InfoPlist.strings;
			sourceTree = "<group>";
		};
		F53CE1E3179F3D5E00835E3E /* Localizable.strings */ = {
			isa = PBXVariantGroup;
			children = (
				F53CE1E4179F3D5E00835E3E /* en */,
			);
			name = Localizable.strings;
			sourceTree = "<group>";
		};
/* End PBXVariantGroup section */

/* Begin XCBuildConfiguration section */
		F542684A1790E16C0081673D /* Debug */ = {
			isa = XCBuildConfiguration;
			buildSettings = {
				ALWAYS_SEARCH_USER_PATHS = NO;
				ARCHS = "$(ARCHS_STANDARD_64_BIT)";
				CLANG_CXX_LANGUAGE_STANDARD = "gnu++0x";
				CLANG_CXX_LIBRARY = "libc++";
				CLANG_ENABLE_OBJC_ARC = YES;
				CLANG_WARN_CONSTANT_CONVERSION = YES;
				CLANG_WARN_EMPTY_BODY = YES;
				CLANG_WARN_ENUM_CONVERSION = YES;
				CLANG_WARN_INT_CONVERSION = YES;
				CLANG_WARN__DUPLICATE_METHOD_MATCH = YES;
				COPY_PHASE_STRIP = NO;
				GCC_C_LANGUAGE_STANDARD = gnu99;
				GCC_DYNAMIC_NO_PIC = NO;
				GCC_ENABLE_OBJC_EXCEPTIONS = YES;
				GCC_OPTIMIZATION_LEVEL = 0;
				GCC_PREPROCESSOR_DEFINITIONS = "$(inherited)";
				GCC_SYMBOLS_PRIVATE_EXTERN = NO;
				GCC_WARN_64_TO_32_BIT_CONVERSION = YES;
				GCC_WARN_ABOUT_RETURN_TYPE = YES;
				GCC_WARN_UNINITIALIZED_AUTOS = YES;
				GCC_WARN_UNUSED_VARIABLE = YES;
				MACOSX_DEPLOYMENT_TARGET = 10.6;
				ONLY_ACTIVE_ARCH = YES;
				OTHER_LDFLAGS = /usr/local/lib/libsodium.a;
				SDKROOT = macosx;
			};
			name = Debug;
		};
		F542684B1790E16C0081673D /* Release */ = {
			isa = XCBuildConfiguration;
			buildSettings = {
				ALWAYS_SEARCH_USER_PATHS = NO;
				ARCHS = "$(ARCHS_STANDARD_64_BIT)";
				CLANG_CXX_LANGUAGE_STANDARD = "gnu++0x";
				CLANG_CXX_LIBRARY = "libc++";
				CLANG_ENABLE_OBJC_ARC = YES;
				CLANG_WARN_CONSTANT_CONVERSION = YES;
				CLANG_WARN_EMPTY_BODY = YES;
				CLANG_WARN_ENUM_CONVERSION = YES;
				CLANG_WARN_INT_CONVERSION = YES;
				CLANG_WARN__DUPLICATE_METHOD_MATCH = YES;
				COPY_PHASE_STRIP = YES;
				DEBUG_INFORMATION_FORMAT = "dwarf-with-dsym";
				GCC_C_LANGUAGE_STANDARD = gnu99;
				GCC_ENABLE_OBJC_EXCEPTIONS = YES;
				GCC_WARN_64_TO_32_BIT_CONVERSION = YES;
				GCC_WARN_ABOUT_RETURN_TYPE = YES;
				GCC_WARN_UNINITIALIZED_AUTOS = YES;
				GCC_WARN_UNUSED_VARIABLE = YES;
				MACOSX_DEPLOYMENT_TARGET = 10.6;
				OTHER_LDFLAGS = /usr/local/lib/libsodium.a;
				SDKROOT = macosx;
			};
			name = Release;
		};
		F542684D1790E16C0081673D /* Debug */ = {
			isa = XCBuildConfiguration;
			buildSettings = {
				CLANG_ENABLE_OBJC_ARC = YES;
				COMBINE_HIDPI_IMAGES = YES;
				GCC_PRECOMPILE_PREFIX_HEADER = YES;
				GCC_PREFIX_HEADER = "code/Poison-Prefix.pch";
				HEADER_SEARCH_PATHS = /usr/local/include;
				INFOPLIST_FILE = "$(SRCROOT)/code/Poison-Info.plist";
				LIBRARY_SEARCH_PATHS = (
					"$(inherited)",
					/usr/local/lib,
					"\"$(SRCROOT)\"",
				);
				MACOSX_DEPLOYMENT_TARGET = 10.6.8;
				OTHER_CFLAGS = (
					"-Werror",
					"-Wall",
				);
				PRODUCT_NAME = "$(TARGET_NAME)";
				WRAPPER_EXTENSION = app;
			};
			name = Debug;
		};
		F542684E1790E16C0081673D /* Release */ = {
			isa = XCBuildConfiguration;
			buildSettings = {
				CLANG_ENABLE_OBJC_ARC = YES;
				COMBINE_HIDPI_IMAGES = YES;
				GCC_PRECOMPILE_PREFIX_HEADER = YES;
				GCC_PREFIX_HEADER = "code/Poison-Prefix.pch";
				HEADER_SEARCH_PATHS = /usr/local/include;
				INFOPLIST_FILE = "$(SRCROOT)/code/Poison-Info.plist";
				LIBRARY_SEARCH_PATHS = (
					"$(inherited)",
					/usr/local/lib,
					"\"$(SRCROOT)\"",
				);
				MACOSX_DEPLOYMENT_TARGET = 10.6.8;
				OTHER_CFLAGS = (
					"-Werror",
					"-Wall",
				);
				PRODUCT_NAME = "$(TARGET_NAME)";
				WRAPPER_EXTENSION = app;
			};
			name = Release;
		};
/* End XCBuildConfiguration section */

/* Begin XCConfigurationList section */
		F542682A1790E16C0081673D /* Build configuration list for PBXProject "Poison" */ = {
			isa = XCConfigurationList;
			buildConfigurations = (
				F542684A1790E16C0081673D /* Debug */,
				F542684B1790E16C0081673D /* Release */,
			);
			defaultConfigurationIsVisible = 0;
			defaultConfigurationName = Release;
		};
		F542684C1790E16C0081673D /* Build configuration list for PBXNativeTarget "Poison" */ = {
			isa = XCConfigurationList;
			buildConfigurations = (
				F542684D1790E16C0081673D /* Debug */,
				F542684E1790E16C0081673D /* Release */,
			);
			defaultConfigurationIsVisible = 0;
			defaultConfigurationName = Release;
		};
/* End XCConfigurationList section */
	};
	rootObject = F54268271790E16C0081673D /* Project object */;
}
